// !$*UTF8*$!
{
	archiveVersion = 1;
	classes = {
	};
	objectVersion = 50;
	objects = {

/* Begin PBXBuildFile section */
		4D08B49F25B1CDA900C58FE6 /* AppDelegate.swift in Sources */ = {isa = PBXBuildFile; fileRef = 4D08B49E25B1CDA900C58FE6 /* AppDelegate.swift */; };
		4D08B4A125B1CDA900C58FE6 /* SceneDelegate.swift in Sources */ = {isa = PBXBuildFile; fileRef = 4D08B4A025B1CDA900C58FE6 /* SceneDelegate.swift */; };
		4D08B4A325B1CDA900C58FE6 /* ViewController.swift in Sources */ = {isa = PBXBuildFile; fileRef = 4D08B4A225B1CDA900C58FE6 /* ViewController.swift */; };
		4D08B4A625B1CDA900C58FE6 /* Main.storyboard in Resources */ = {isa = PBXBuildFile; fileRef = 4D08B4A425B1CDA900C58FE6 /* Main.storyboard */; };
		4D08B4A825B1CDAA00C58FE6 /* Assets.xcassets in Resources */ = {isa = PBXBuildFile; fileRef = 4D08B4A725B1CDAA00C58FE6 /* Assets.xcassets */; };
		4D08B4AB25B1CDAA00C58FE6 /* LaunchScreen.storyboard in Resources */ = {isa = PBXBuildFile; fileRef = 4D08B4A925B1CDAA00C58FE6 /* LaunchScreen.storyboard */; };
		4D08B4B525B1CE0A00C58FE6 /* NextViewController.swift in Sources */ = {isa = PBXBuildFile; fileRef = 4D08B4B425B1CE0A00C58FE6 /* NextViewController.swift */; };
		4DF05D8B25B1D93900F9A3D4 /* Person.swift in Sources */ = {isa = PBXBuildFile; fileRef = 4DF05D8A25B1D93900F9A3D4 /* Person.swift */; };
/* End PBXBuildFile section */

/* Begin PBXFileReference section */
		4D08B49B25B1CDA900C58FE6 /* struct.app */ = {isa = PBXFileReference; explicitFileType = wrapper.application; includeInIndex = 0; path = struct.app; sourceTree = BUILT_PRODUCTS_DIR; };
		4D08B49E25B1CDA900C58FE6 /* AppDelegate.swift */ = {isa = PBXFileReference; lastKnownFileType = sourcecode.swift; path = AppDelegate.swift; sourceTree = "<group>"; };
		4D08B4A025B1CDA900C58FE6 /* SceneDelegate.swift */ = {isa = PBXFileReference; lastKnownFileType = sourcecode.swift; path = SceneDelegate.swift; sourceTree = "<group>"; };
		4D08B4A225B1CDA900C58FE6 /* ViewController.swift */ = {isa = PBXFileReference; lastKnownFileType = sourcecode.swift; path = ViewController.swift; sourceTree = "<group>"; };
		4D08B4A525B1CDA900C58FE6 /* Base */ = {isa = PBXFileReference; lastKnownFileType = file.storyboard; name = Base; path = Base.lproj/Main.storyboard; sourceTree = "<group>"; };
		4D08B4A725B1CDAA00C58FE6 /* Assets.xcassets */ = {isa = PBXFileReference; lastKnownFileType = folder.assetcatalog; path = Assets.xcassets; sourceTree = "<group>"; };
		4D08B4AA25B1CDAA00C58FE6 /* Base */ = {isa = PBXFileReference; lastKnownFileType = file.storyboard; name = Base; path = Base.lproj/LaunchScreen.storyboard; sourceTree = "<group>"; };
		4D08B4AC25B1CDAA00C58FE6 /* Info.plist */ = {isa = PBXFileReference; lastKnownFileType = text.plist.xml; path = Info.plist; sourceTree = "<group>"; };
		4D08B4B425B1CE0A00C58FE6 /* NextViewController.swift */ = {isa = PBXFileReference; lastKnownFileType = sourcecode.swift; path = NextViewController.swift; sourceTree = "<group>"; };
		4DF05D8A25B1D93900F9A3D4 /* Person.swift */ = {isa = PBXFileReference; lastKnownFileType = sourcecode.swift; path = Person.swift; sourceTree = "<group>"; };
/* End PBXFileReference section */

/* Begin PBXFrameworksBuildPhase section */
		4D08B49825B1CDA900C58FE6 /* Frameworks */ = {
			isa = PBXFrameworksBuildPhase;
			buildActionMask = 2147483647;
			files = (
			);
			runOnlyForDeploymentPostprocessing = 0;
		};
/* End PBXFrameworksBuildPhase section */

/* Begin PBXGroup section */
		4D08B49225B1CDA900C58FE6 = {
			isa = PBXGroup;
			children = (
				4D08B49D25B1CDA900C58FE6 /* struct */,
				4D08B49C25B1CDA900C58FE6 /* Products */,
			);
			sourceTree = "<group>";
		};
		4D08B49C25B1CDA900C58FE6 /* Products */ = {
			isa = PBXGroup;
			children = (
				4D08B49B25B1CDA900C58FE6 /* struct.app */,
			);
			name = Products;
			sourceTree = "<group>";
		};
		4D08B49D25B1CDA900C58FE6 /* struct */ = {
			isa = PBXGroup;
			children = (
				4D08B49E25B1CDA900C58FE6 /* AppDelegate.swift */,
				4D08B4A025B1CDA900C58FE6 /* SceneDelegate.swift */,
				4DF05D8D25B1D94E00F9A3D4 /* Model */,
				4D08B4B725B1CE3A00C58FE6 /* Controller */,
				4D08B4A425B1CDA900C58FE6 /* Main.storyboard */,
				4D08B4A725B1CDAA00C58FE6 /* Assets.xcassets */,
				4D08B4A925B1CDAA00C58FE6 /* LaunchScreen.storyboard */,
				4D08B4AC25B1CDAA00C58FE6 /* Info.plist */,
			);
			path = struct;
			sourceTree = "<group>";
		};
		4D08B4B725B1CE3A00C58FE6 /* Controller */ = {
			isa = PBXGroup;
			children = (
				4D08B4A225B1CDA900C58FE6 /* ViewController.swift */,
				4D08B4B425B1CE0A00C58FE6 /* NextViewController.swift */,
			);
			path = Controller;
			sourceTree = "<group>";
		};
		4DF05D8D25B1D94E00F9A3D4 /* Model */ = {
			isa = PBXGroup;
			children = (
				4DF05D8A25B1D93900F9A3D4 /* Person.swift */,
			);
			path = Model;
			sourceTree = "<group>";
		};
/* End PBXGroup section */

/* Begin PBXNativeTarget section */
		4D08B49A25B1CDA900C58FE6 /* struct */ = {
			isa = PBXNativeTarget;
			buildConfigurationList = 4D08B4AF25B1CDAA00C58FE6 /* Build configuration list for PBXNativeTarget "struct" */;
			buildPhases = (
				4D08B49725B1CDA900C58FE6 /* Sources */,
				4D08B49825B1CDA900C58FE6 /* Frameworks */,
				4D08B49925B1CDA900C58FE6 /* Resources */,
			);
			buildRules = (
			);
			dependencies = (
			);
			name = struct;
			productName = struct;
			productReference = 4D08B49B25B1CDA900C58FE6 /* struct.app */;
			productType = "com.apple.product-type.application";
		};
/* End PBXNativeTarget section */

/* Begin PBXProject section */
		4D08B49325B1CDA900C58FE6 /* Project object */ = {
			isa = PBXProject;
			attributes = {
				LastSwiftUpdateCheck = 1230;
				LastUpgradeCheck = 1230;
				TargetAttributes = {
					4D08B49A25B1CDA900C58FE6 = {
						CreatedOnToolsVersion = 12.3;
					};
				};
			};
			buildConfigurationList = 4D08B49625B1CDA900C58FE6 /* Build configuration list for PBXProject "struct" */;
			compatibilityVersion = "Xcode 9.3";
			developmentRegion = en;
			hasScannedForEncodings = 0;
			knownRegions = (
				en,
				Base,
			);
			mainGroup = 4D08B49225B1CDA900C58FE6;
			productRefGroup = 4D08B49C25B1CDA900C58FE6 /* Products */;
			projectDirPath = "";
			projectRoot = "";
			targets = (
				4D08B49A25B1CDA900C58FE6 /* struct */,
			);
		};
/* End PBXProject section */

/* Begin PBXResourcesBuildPhase section */
		4D08B49925B1CDA900C58FE6 /* Resources */ = {
			isa = PBXResourcesBuildPhase;
			buildActionMask = 2147483647;
			files = (
				4D08B4AB25B1CDAA00C58FE6 /* LaunchScreen.storyboard in Resources */,
				4D08B4A825B1CDAA00C58FE6 /* Assets.xcassets in Resources */,
				4D08B4A625B1CDA900C58FE6 /* Main.storyboard in Resources */,
			);
			runOnlyForDeploymentPostprocessing = 0;
		};
/* End PBXResourcesBuildPhase section */

/* Begin PBXSourcesBuildPhase section */
		4D08B49725B1CDA900C58FE6 /* Sources */ = {
			isa = PBXSourcesBuildPhase;
			buildActionMask = 2147483647;
			files = (
				4DF05D8B25B1D93900F9A3D4 /* Person.swift in Sources */,
				4D08B4A325B1CDA900C58FE6 /* ViewController.swift in Sources */,
				4D08B4B525B1CE0A00C58FE6 /* NextViewController.swift in Sources */,
				4D08B49F25B1CDA900C58FE6 /* AppDelegate.swift in Sources */,
				4D08B4A125B1CDA900C58FE6 /* SceneDelegate.swift in Sources */,
			);
			runOnlyForDeploymentPostprocessing = 0;
		};
/* End PBXSourcesBuildPhase section */

/* Begin PBXVariantGroup section */
		4D08B4A425B1CDA900C58FE6 /* Main.storyboard */ = {
			isa = PBXVariantGroup;
			children = (
				4D08B4A525B1CDA900C58FE6 /* Base */,
			);
			name = Main.storyboard;
			sourceTree = "<group>";
		};
		4D08B4A925B1CDAA00C58FE6 /* LaunchScreen.storyboard */ = {
			isa = PBXVariantGroup;
			children = (
				4D08B4AA25B1CDAA00C58FE6 /* Base */,
			);
			name = LaunchScreen.storyboard;
			sourceTree = "<group>";
		};
/* End PBXVariantGroup section */

/* Begin XCBuildConfiguration section */
		4D08B4AD25B1CDAA00C58FE6 /* Debug */ = {
			isa = XCBuildConfiguration;
			buildSettings = {
				ALWAYS_SEARCH_USER_PATHS = NO;
				CLANG_ANALYZER_NONNULL = YES;
				CLANG_ANALYZER_NUMBER_OBJECT_CONVERSION = YES_AGGRESSIVE;
				CLANG_CXX_LANGUAGE_STANDARD = "gnu++14";
				CLANG_CXX_LIBRARY = "libc++";
				CLANG_ENABLE_MODULES = YES;
				CLANG_ENABLE_OBJC_ARC = YES;
				CLANG_ENABLE_OBJC_WEAK = YES;
				CLANG_WARN_BLOCK_CAPTURE_AUTORELEASING = YES;
				CLANG_WARN_BOOL_CONVERSION = YES;
				CLANG_WARN_COMMA = YES;
				CLANG_WARN_CONSTANT_CONVERSION = YES;
				CLANG_WARN_DEPRECATED_OBJC_IMPLEMENTATIONS = YES;
				CLANG_WARN_DIRECT_OBJC_ISA_USAGE = YES_ERROR;
				CLANG_WARN_DOCUMENTATION_COMMENTS = YES;
				CLANG_WARN_EMPTY_BODY = YES;
				CLANG_WARN_ENUM_CONVERSION = YES;
				CLANG_WARN_INFINITE_RECURSION = YES;
				CLANG_WARN_INT_CONVERSION = YES;
				CLANG_WARN_NON_LITERAL_NULL_CONVERSION = YES;
				CLANG_WARN_OBJC_IMPLICIT_RETAIN_SELF = YES;
				CLANG_WARN_OBJC_LITERAL_CONVERSION = YES;
				CLANG_WARN_OBJC_ROOT_CLASS = YES_ERROR;
				CLANG_WARN_QUOTED_INCLUDE_IN_FRAMEWORK_HEADER = YES;
				CLANG_WARN_RANGE_LOOP_ANALYSIS = YES;
				CLANG_WARN_STRICT_PROTOTYPES = YES;
				CLANG_WARN_SUSPICIOUS_MOVE = YES;
				CLANG_WARN_UNGUARDED_AVAILABILITY = YES_AGGRESSIVE;
				CLANG_WARN_UNREACHABLE_CODE = YES;
				CLANG_WARN__DUPLICATE_METHOD_MATCH = YES;
				COPY_PHASE_STRIP = NO;
				DEBUG_INFORMATION_FORMAT = dwarf;
				ENABLE_STRICT_OBJC_MSGSEND = YES;
				ENABLE_TESTABILITY = YES;
				GCC_C_LANGUAGE_STANDARD = gnu11;
				GCC_DYNAMIC_NO_PIC = NO;
				GCC_NO_COMMON_BLOCKS = YES;
				GCC_OPTIMIZATION_LEVEL = 0;
				GCC_PREPROCESSOR_DEFINITIONS = (
					"DEBUG=1",
					"$(inherited)",
				);
				GCC_WARN_64_TO_32_BIT_CONVERSION = YES;
				GCC_WARN_ABOUT_RETURN_TYPE = YES_ERROR;
				GCC_WARN_UNDECLARED_SELECTOR = YES;
				GCC_WARN_UNINITIALIZED_AUTOS = YES_AGGRESSIVE;
				GCC_WARN_UNUSED_FUNCTION = YES;
				GCC_WARN_UNUSED_VARIABLE = YES;
				IPHONEOS_DEPLOYMENT_TARGET = 14.3;
				MTL_ENABLE_DEBUG_INFO = INCLUDE_SOURCE;
				MTL_FAST_MATH = YES;
				ONLY_ACTIVE_ARCH = YES;
				SDKROOT = iphoneos;
				SWIFT_ACTIVE_COMPILATION_CONDITIONS = DEBUG;
				SWIFT_OPTIMIZATION_LEVEL = "-Onone";
			};
			name = Debug;
		};
		4D08B4AE25B1CDAA00C58FE6 /* Release */ = {
			isa = XCBuildConfiguration;
			buildSettings = {
				ALWAYS_SEARCH_USER_PATHS = NO;
				CLANG_ANALYZER_NONNULL = YES;
				CLANG_ANALYZER_NUMBER_OBJECT_CONVERSION = YES_AGGRESSIVE;
				CLANG_CXX_LANGUAGE_STANDARD = "gnu++14";
				CLANG_CXX_LIBRARY = "libc++";
				CLANG_ENABLE_MODULES = YES;
				CLANG_ENABLE_OBJC_ARC = YES;
				CLANG_ENABLE_OBJC_WEAK = YES;
				CLANG_WARN_BLOCK_CAPTURE_AUTORELEASING = YES;
				CLANG_WARN_BOOL_CONVERSION = YES;
				CLANG_WARN_COMMA = YES;
				CLANG_WARN_CONSTANT_CONVERSION = YES;
				CLANG_WARN_DEPRECATED_OBJC_IMPLEMENTATIONS = YES;
				CLANG_WARN_DIRECT_OBJC_ISA_USAGE = YES_ERROR;
				CLANG_WARN_DOCUMENTATION_COMMENTS = YES;
				CLANG_WARN_EMPTY_BODY = YES;
				CLANG_WARN_ENUM_CONVERSION = YES;
				CLANG_WARN_INFINITE_RECURSION = YES;
				CLANG_WARN_INT_CONVERSION = YES;
				CLANG_WARN_NON_LITERAL_NULL_CONVERSION = YES;
				CLANG_WARN_OBJC_IMPLICIT_RETAIN_SELF = YES;
				CLANG_WARN_OBJC_LITERAL_CONVERSION = YES;
				CLANG_WARN_OBJC_ROOT_CLASS = YES_ERROR;
				CLANG_WARN_QUOTED_INCLUDE_IN_FRAMEWORK_HEADER = YES;
				CLANG_WARN_RANGE_LOOP_ANALYSIS = YES;
				CLANG_WARN_STRICT_PROTOTYPES = YES;
				CLANG_WARN_SUSPICIOUS_MOVE = YES;
				CLANG_WARN_UNGUARDED_AVAILABILITY = YES_AGGRESSIVE;
				CLANG_WARN_UNREACHABLE_CODE = YES;
				CLANG_WARN__DUPLICATE_METHOD_MATCH = YES;
				COPY_PHASE_STRIP = NO;
				DEBUG_INFORMATION_FORMAT = "dwarf-with-dsym";
				ENABLE_NS_ASSERTIONS = NO;
				ENABLE_STRICT_OBJC_MSGSEND = YES;
				GCC_C_LANGUAGE_STANDARD = gnu11;
				GCC_NO_COMMON_BLOCKS = YES;
				GCC_WARN_64_TO_32_BIT_CONVERSION = YES;
				GCC_WARN_ABOUT_RETURN_TYPE = YES_ERROR;
				GCC_WARN_UNDECLARED_SELECTOR = YES;
				GCC_WARN_UNINITIALIZED_AUTOS = YES_AGGRESSIVE;
				GCC_WARN_UNUSED_FUNCTION = YES;
				GCC_WARN_UNUSED_VARIABLE = YES;
				IPHONEOS_DEPLOYMENT_TARGET = 14.3;
				MTL_ENABLE_DEBUG_INFO = NO;
				MTL_FAST_MATH = YES;
				SDKROOT = iphoneos;
				SWIFT_COMPILATION_MODE = wholemodule;
				SWIFT_OPTIMIZATION_LEVEL = "-O";
				VALIDATE_PRODUCT = YES;
			};
			name = Release;
		};
		4D08B4B025B1CDAA00C58FE6 /* Debug */ = {
			isa = XCBuildConfiguration;
			buildSettings = {
				ASSETCATALOG_COMPILER_APPICON_NAME = AppIcon;
				ASSETCATALOG_COMPILER_GLOBAL_ACCENT_COLOR_NAME = AccentColor;
				CODE_SIGN_STYLE = Automatic;
				DEVELOPMENT_TEAM = C259QS7V73;
				INFOPLIST_FILE = struct/Info.plist;
				LD_RUNPATH_SEARCH_PATHS = (
					"$(inherited)",
					"@executable_path/Frameworks",
				);
				PRODUCT_BUNDLE_IDENTIFIER = com.tora.struct;
				PRODUCT_NAME = "$(TARGET_NAME)";
				SWIFT_VERSION = 5.0;
				TARGETED_DEVICE_FAMILY = 1;
			};
			name = Debug;
		};
		4D08B4B125B1CDAA00C58FE6 /* Release */ = {
			isa = XCBuildConfiguration;
			buildSettings = {
				ASSETCATALOG_COMPILER_APPICON_NAME = AppIcon;
				ASSETCATALOG_COMPILER_GLOBAL_ACCENT_COLOR_NAME = AccentColor;
				CODE_SIGN_STYLE = Automatic;
				DEVELOPMENT_TEAM = C259QS7V73;
				INFOPLIST_FILE = struct/Info.plist;
				LD_RUNPATH_SEARCH_PATHS = (
					"$(inherited)",
					"@executable_path/Frameworks",
				);
				PRODUCT_BUNDLE_IDENTIFIER = com.tora.struct;
				PRODUCT_NAME = "$(TARGET_NAME)";
				SWIFT_VERSION = 5.0;
				TARGETED_DEVICE_FAMILY = 1;
			};
			name = Release;
		};
/* End XCBuildConfiguration section */

/* Begin XCConfigurationList section */
		4D08B49625B1CDA900C58FE6 /* Build configuration list for PBXProject "struct" */ = {
			isa = XCConfigurationList;
			buildConfigurations = (
				4D08B4AD25B1CDAA00C58FE6 /* Debug */,
				4D08B4AE25B1CDAA00C58FE6 /* Release */,
			);
			defaultConfigurationIsVisible = 0;
			defaultConfigurationName = Release;
		};
		4D08B4AF25B1CDAA00C58FE6 /* Build configuration list for PBXNativeTarget "struct" */ = {
			isa = XCConfigurationList;
			buildConfigurations = (
				4D08B4B025B1CDAA00C58FE6 /* Debug */,
				4D08B4B125B1CDAA00C58FE6 /* Release */,
			);
			defaultConfigurationIsVisible = 0;
			defaultConfigurationName = Release;
		};
/* End XCConfigurationList section */
	};
	rootObject = 4D08B49325B1CDA900C58FE6 /* Project object */;
}
